
Microsoft Visual Studio Solution File, Format Version 12.00
# Visual Studio Version 17
VisualStudioVersion = 17.1.32328.378
MinimumVisualStudioVersion = 10.0.40219.1
Project("{9A19103F-16F7-4668-BE54-9A1E7A4F7556}") = "SushiBarView", "SushiBarView\SushiBarView.csproj", "{BAA74B16-7CE4-4E50-8355-EA29757392C9}"
EndProject
Project("{9A19103F-16F7-4668-BE54-9A1E7A4F7556}") = "SushiBarContracts", "SushiBarContracts\SushiBarContracts.csproj", "{015D810B-5154-405F-AE94-68D8EA1B761E}"
EndProject
Project("{9A19103F-16F7-4668-BE54-9A1E7A4F7556}") = "SushiBarListImplement", "SushiBarListImplement\SushiBarListImplement.csproj", "{D974BAAD-A4AF-435B-B8D2-258051008AB2}"
EndProject
Project("{9A19103F-16F7-4668-BE54-9A1E7A4F7556}") = "SushiBarBusinessLogic", "SushiBarBuisnessLogic\SushiBarBusinessLogic.csproj", "{BB5F0584-D692-4B93-9746-2EF4F7FA999C}"
EndProject
Project("{9A19103F-16F7-4668-BE54-9A1E7A4F7556}") = "SushiBarFileImplement", "SushiBarFileImplement\SushiBarFileImplement.csproj", "{9FA7F77E-B603-4993-8BE7-311222626DA8}"
EndProject
Project("{9A19103F-16F7-4668-BE54-9A1E7A4F7556}") = "SushiBarDatabaseImplement", "SushiBarDatabaseImplement\SushiBarDatabaseImplement.csproj", "{CDC0E73A-DB29-40A0-922C-5C4CCCAE15BF}"
EndProject
Project("{FAE04EC0-301F-11D3-BF4B-00C04F79EFBC}") = "SushiBarRestApi", "SushiBarRestApi\SushiBarRestApi.csproj", "{44910907-F909-46F2-9C36-6B493431CF45}"
EndProject
Project("{FAE04EC0-301F-11D3-BF4B-00C04F79EFBC}") = "SushiBarClientApp", "SushiBarClientApp\SushiBarClientApp.csproj", "{F2853F95-6A1E-4702-B3CA-70AECF7DC64B}"
EndProject
Global
	GlobalSection(SolutionConfigurationPlatforms) = preSolution
		Debug|Any CPU = Debug|Any CPU
		Release|Any CPU = Release|Any CPU
	EndGlobalSection
	GlobalSection(ProjectConfigurationPlatforms) = postSolution
		{BAA74B16-7CE4-4E50-8355-EA29757392C9}.Debug|Any CPU.ActiveCfg = Debug|Any CPU
		{BAA74B16-7CE4-4E50-8355-EA29757392C9}.Debug|Any CPU.Build.0 = Debug|Any CPU
		{BAA74B16-7CE4-4E50-8355-EA29757392C9}.Release|Any CPU.ActiveCfg = Release|Any CPU
		{BAA74B16-7CE4-4E50-8355-EA29757392C9}.Release|Any CPU.Build.0 = Release|Any CPU
		{015D810B-5154-405F-AE94-68D8EA1B761E}.Debug|Any CPU.ActiveCfg = Debug|Any CPU
		{015D810B-5154-405F-AE94-68D8EA1B761E}.Debug|Any CPU.Build.0 = Debug|Any CPU
		{015D810B-5154-405F-AE94-68D8EA1B761E}.Release|Any CPU.ActiveCfg = Release|Any CPU
		{015D810B-5154-405F-AE94-68D8EA1B761E}.Release|Any CPU.Build.0 = Release|Any CPU
		{D974BAAD-A4AF-435B-B8D2-258051008AB2}.Debug|Any CPU.ActiveCfg = Debug|Any CPU
		{D974BAAD-A4AF-435B-B8D2-258051008AB2}.Debug|Any CPU.Build.0 = Debug|Any CPU
		{D974BAAD-A4AF-435B-B8D2-258051008AB2}.Release|Any CPU.ActiveCfg = Release|Any CPU
		{D974BAAD-A4AF-435B-B8D2-258051008AB2}.Release|Any CPU.Build.0 = Release|Any CPU
		{BB5F0584-D692-4B93-9746-2EF4F7FA999C}.Debug|Any CPU.ActiveCfg = Debug|Any CPU
		{BB5F0584-D692-4B93-9746-2EF4F7FA999C}.Debug|Any CPU.Build.0 = Debug|Any CPU
		{BB5F0584-D692-4B93-9746-2EF4F7FA999C}.Release|Any CPU.ActiveCfg = Release|Any CPU
		{BB5F0584-D692-4B93-9746-2EF4F7FA999C}.Release|Any CPU.Build.0 = Release|Any CPU
		{9FA7F77E-B603-4993-8BE7-311222626DA8}.Debug|Any CPU.ActiveCfg = Debug|Any CPU
		{9FA7F77E-B603-4993-8BE7-311222626DA8}.Debug|Any CPU.Build.0 = Debug|Any CPU
		{9FA7F77E-B603-4993-8BE7-311222626DA8}.Release|Any CPU.ActiveCfg = Release|Any CPU
		{9FA7F77E-B603-4993-8BE7-311222626DA8}.Release|Any CPU.Build.0 = Release|Any CPU
		{CDC0E73A-DB29-40A0-922C-5C4CCCAE15BF}.Debug|Any CPU.ActiveCfg = Debug|Any CPU
		{CDC0E73A-DB29-40A0-922C-5C4CCCAE15BF}.Debug|Any CPU.Build.0 = Debug|Any CPU
		{CDC0E73A-DB29-40A0-922C-5C4CCCAE15BF}.Release|Any CPU.ActiveCfg = Release|Any CPU
		{CDC0E73A-DB29-40A0-922C-5C4CCCAE15BF}.Release|Any CPU.Build.0 = Release|Any CPU
		{44910907-F909-46F2-9C36-6B493431CF45}.Debug|Any CPU.ActiveCfg = Debug|Any CPU
		{44910907-F909-46F2-9C36-6B493431CF45}.Debug|Any CPU.Build.0 = Debug|Any CPU
		{44910907-F909-46F2-9C36-6B493431CF45}.Release|Any CPU.ActiveCfg = Release|Any CPU
		{44910907-F909-46F2-9C36-6B493431CF45}.Release|Any CPU.Build.0 = Release|Any CPU
		{F2853F95-6A1E-4702-B3CA-70AECF7DC64B}.Debug|Any CPU.ActiveCfg = Debug|Any CPU
		{F2853F95-6A1E-4702-B3CA-70AECF7DC64B}.Debug|Any CPU.Build.0 = Debug|Any CPU
		{F2853F95-6A1E-4702-B3CA-70AECF7DC64B}.Release|Any CPU.ActiveCfg = Release|Any CPU
		{F2853F95-6A1E-4702-B3CA-70AECF7DC64B}.Release|Any CPU.Build.0 = Release|Any CPU
	EndGlobalSection
	GlobalSection(SolutionProperties) = preSolution
		HideSolutionNode = FALSE
	EndGlobalSection
	GlobalSection(ExtensibilityGlobals) = postSolution
		SolutionGuid = {3A95ED04-DCE8-4458-A43A-401C0ECC3F0C}
	EndGlobalSection
EndGlobal
